
Microsoft Visual Studio Solution File, Format Version 12.00
# Visual Studio Version 17
VisualStudioVersion = 17.1.32210.238
MinimumVisualStudioVersion = 10.0.40219.1
Project("{FAE04EC0-301F-11D3-BF4B-00C04F79EFBC}") = "DesignPatterns", "DesignPatterns\DesignPatterns.csproj", "{81B3AB93-FB9A-4D0D-8981-F8B2EA8AE239}"
EndProject
Global
	GlobalSection(SolutionConfigurationPlatforms) = preSolution
		Debug|Any CPU = Debug|Any CPU
		Release|Any CPU = Release|Any CPU
	EndGlobalSection
	GlobalSection(ProjectConfigurationPlatforms) = postSolution
		{81B3AB93-FB9A-4D0D-8981-F8B2EA8AE239}.Debug|Any CPU.ActiveCfg = Debug|Any CPU
		{81B3AB93-FB9A-4D0D-8981-F8B2EA8AE239}.Debug|Any CPU.Build.0 = Debug|Any CPU
		{81B3AB93-FB9A-4D0D-8981-F8B2EA8AE239}.Release|Any CPU.ActiveCfg = Release|Any CPU
		{81B3AB93-FB9A-4D0D-8981-F8B2EA8AE239}.Release|Any CPU.Build.0 = Release|Any CPU
	EndGlobalSection
	GlobalSection(SolutionProperties) = preSolution
		HideSolutionNode = FALSE
	EndGlobalSection
	GlobalSection(ExtensibilityGlobals) = postSolution
		SolutionGuid = {C0FC4804-0F20-4939-A471-15AE75436115}
	EndGlobalSection
EndGlobal
